
Microsoft Visual Studio Solution File, Format Version 12.00
# Visual Studio Version 16
VisualStudioVersion = 16.0.29905.134
MinimumVisualStudioVersion = 10.0.40219.1
Project("{9A19103F-16F7-4668-BE54-9A1E7A4F7556}") = "Programmeren Examen Tool 1", "Programmeren Examen Final\Programmeren Examen Tool 1.csproj", "{27A3A90E-1B49-4CF3-B40C-7E88FE4418C4}"
EndProject
Project("{FAE04EC0-301F-11D3-BF4B-00C04F79EFBC}") = "Programmeren Examen Tool 2", "Programmeren Examen Tool 2\Programmeren Examen Tool 2.csproj", "{58C0BCA5-E4C9-48BC-A0CC-73EBEE0A2787}"
EndProject
Global
	GlobalSection(SolutionConfigurationPlatforms) = preSolution
		Debug|Any CPU = Debug|Any CPU
		Release|Any CPU = Release|Any CPU
	EndGlobalSection
	GlobalSection(ProjectConfigurationPlatforms) = postSolution
		{27A3A90E-1B49-4CF3-B40C-7E88FE4418C4}.Debug|Any CPU.ActiveCfg = Debug|Any CPU
		{27A3A90E-1B49-4CF3-B40C-7E88FE4418C4}.Debug|Any CPU.Build.0 = Debug|Any CPU
		{27A3A90E-1B49-4CF3-B40C-7E88FE4418C4}.Release|Any CPU.ActiveCfg = Release|Any CPU
		{27A3A90E-1B49-4CF3-B40C-7E88FE4418C4}.Release|Any CPU.Build.0 = Release|Any CPU
		{58C0BCA5-E4C9-48BC-A0CC-73EBEE0A2787}.Debug|Any CPU.ActiveCfg = Debug|Any CPU
		{58C0BCA5-E4C9-48BC-A0CC-73EBEE0A2787}.Debug|Any CPU.Build.0 = Debug|Any CPU
		{58C0BCA5-E4C9-48BC-A0CC-73EBEE0A2787}.Release|Any CPU.ActiveCfg = Release|Any CPU
		{58C0BCA5-E4C9-48BC-A0CC-73EBEE0A2787}.Release|Any CPU.Build.0 = Release|Any CPU
	EndGlobalSection
	GlobalSection(SolutionProperties) = preSolution
		HideSolutionNode = FALSE
	EndGlobalSection
	GlobalSection(ExtensibilityGlobals) = postSolution
		SolutionGuid = {4C5B9CB8-57C6-4E1D-A42A-F1DEE12BF8CC}
	EndGlobalSection
EndGlobal
